{
  "pins" : [
    {
      "identity" : "skphotobrowser",
      "kind" : "remoteSourceControl",
      "location" : "https://github.com/jianghui1/SKPhotoBrowser.git",
      "state" : {
        "branch" : "master",
        "revision" : "645d50a3cfe3790b21b6177b6cd051f3fa7504d4"
      }
    }
  ],
  "version" : 2
}
