{
  "pins" : [
    {
      "identity" : "skphotobrowser",
      "kind" : "remoteSourceControl",
      "location" : "https://github.com/jianghui1/SKPhotoBrowser.git",
      "state" : {
        "branch" : "master",
        "revision" : "cfd8af0ea7f68c666684cb29b5f9cc5f7522e080"
      }
    }
  ],
  "version" : 2
}
