{
  "pins" : [
    {
      "identity" : "skphotobrowser",
      "kind" : "remoteSourceControl",
      "location" : "https://github.com/jianghui1/SKPhotoBrowser.git",
      "state" : {
        "branch" : "master",
        "revision" : "6d0ab6da541998cf232e4c3ad24de2c5d888b55b"
      }
    }
  ],
  "version" : 2
}
